
Microsoft Visual Studio Solution File, Format Version 12.00
# Visual Studio Version 16
VisualStudioVersion = 16.0.30804.86
MinimumVisualStudioVersion = 10.0.40219.1
Project("{FAE04EC0-301F-11D3-BF4B-00C04F79EFBC}") = "MongoDomainDrivenDesign", "MongoDomainDrivenDesign\MongoDomainDrivenDesign.csproj", "{E76590C3-F7C5-4B68-B7DB-2D2132137EE6}"
EndProject
Project("{FAE04EC0-301F-11D3-BF4B-00C04F79EFBC}") = "PeterLeslieMorris.DomainDrivenDesign.MongoDb", "PeterLeslieMorris.DomainDrivenDesign.MongoDb\PeterLeslieMorris.DomainDrivenDesign.MongoDb.csproj", "{BD7491AD-097C-49D5-AF21-909ECFB1D96B}"
EndProject
Global
	GlobalSection(SolutionConfigurationPlatforms) = preSolution
		Debug|Any CPU = Debug|Any CPU
		Release|Any CPU = Release|Any CPU
	EndGlobalSection
	GlobalSection(ProjectConfigurationPlatforms) = postSolution
		{E76590C3-F7C5-4B68-B7DB-2D2132137EE6}.Debug|Any CPU.ActiveCfg = Debug|Any CPU
		{E76590C3-F7C5-4B68-B7DB-2D2132137EE6}.Debug|Any CPU.Build.0 = Debug|Any CPU
		{E76590C3-F7C5-4B68-B7DB-2D2132137EE6}.Release|Any CPU.ActiveCfg = Release|Any CPU
		{E76590C3-F7C5-4B68-B7DB-2D2132137EE6}.Release|Any CPU.Build.0 = Release|Any CPU
		{BD7491AD-097C-49D5-AF21-909ECFB1D96B}.Debug|Any CPU.ActiveCfg = Debug|Any CPU
		{BD7491AD-097C-49D5-AF21-909ECFB1D96B}.Debug|Any CPU.Build.0 = Debug|Any CPU
		{BD7491AD-097C-49D5-AF21-909ECFB1D96B}.Release|Any CPU.ActiveCfg = Release|Any CPU
		{BD7491AD-097C-49D5-AF21-909ECFB1D96B}.Release|Any CPU.Build.0 = Release|Any CPU
	EndGlobalSection
	GlobalSection(SolutionProperties) = preSolution
		HideSolutionNode = FALSE
	EndGlobalSection
	GlobalSection(ExtensibilityGlobals) = postSolution
		SolutionGuid = {3FE2ACED-7AB3-4590-99AC-6A5852E55283}
	EndGlobalSection
EndGlobal
